{
  "name": "saeis.website",
  "version": "1.0.0",
  "lockfileVersion": 1,
  "requires": true,
  "dependencies": {
    "@types/google-maps": {
      "version": "3.2.2",
      "resolved": "https://registry.npmjs.org/@types/google-maps/-/google-maps-3.2.2.tgz",
      "integrity": "sha512-/XPVfS28VzUdE/HlmBRoe5ii1nNMyWujyRfRY08bD/JgmPlWSiY8enB2dqTe9mlc3kULq7LfFa1wcupM+lQfqA==",
      "requires": {
        "@types/googlemaps": "*"
      }
    },
    "@types/google.visualization": {
      "version": "0.0.44",
      "resolved": "https://registry.npmjs.org/@types/google.visualization/-/google.visualization-0.0.44.tgz",
      "integrity": "sha512-Lq6pLH1FRCHipD5AvhYGQX3poxypfx/XX10rM6JTxhmTTU+rLcS15v1E4421S+by/YLVbCfhcC4SfV2qv8gPaw=="
    },
    "@types/googlemaps": {
      "version": "3.39.3",
      "resolved": "https://registry.npmjs.org/@types/googlemaps/-/googlemaps-3.39.3.tgz",
      "integrity": "sha512-L8O9HAVFZj0TuiS8h5ORthiMsrrhjxTC8XUusp5k47oXCst4VTm+qWKvrAvmYMybZVokbp4Udco1mNwJrTNZPQ=="
    }
 }
}
