{
  "name": "saeis.website",
  "version": "1.0.0",
  "lockfileVersion": 1,
  "requires": true,
  "dependencies": {
    "@types/bootstrap": {
      "version": "4.3.0",
      "resolved": "https://registry.npmjs.org/@types/bootstrap/-/bootstrap-4.3.0.tgz",
      "integrity": "sha512-v1BkpRVgNH9eXE+RtWFP1wh/+SAkPZaxHthS6umqf1sGV0tAvHdPHZpAOB+H74e91ElOxtS56dxbon+lXWk4AQ==",
      "requires": {
        "@types/jquery": "*",
        "popper.js": "^1.14.1"
      }
    },
    "@types/google-maps": {
      "version": "3.2.0",
      "resolved": "https://registry.npmjs.org/@types/google-maps/-/google-maps-3.2.0.tgz",
      "integrity": "sha1-gEo66aySZbTg0VCLW5uJSGeXT4I=",
      "requires": {
        "@types/googlemaps": "*"
      }
    },
    "@types/google.visualization": {
      "version": "0.0.44",
      "resolved": "https://registry.npmjs.org/@types/google.visualization/-/google.visualization-0.0.44.tgz",
      "integrity": "sha512-Lq6pLH1FRCHipD5AvhYGQX3poxypfx/XX10rM6JTxhmTTU+rLcS15v1E4421S+by/YLVbCfhcC4SfV2qv8gPaw=="
    },
    "@types/googlemaps": {
      "version": "3.30.19",
      "resolved": "https://registry.npmjs.org/@types/googlemaps/-/googlemaps-3.30.19.tgz",
      "integrity": "sha512-9uzg5jC6FRyAsMrhOLnUbblyN1xbcOVnqecQZxrnCDxTKssn4lwk0K4EWsw/sw8cJX32MFRMivyAT8dX/JBatg=="
    },
    "@types/jquery": {
      "version": "3.3.29",
      "resolved": "https://registry.npmjs.org/@types/jquery/-/jquery-3.3.29.tgz",
      "integrity": "sha512-FhJvBninYD36v3k6c+bVk1DSZwh7B5Dpb/Pyk3HKVsiohn0nhbefZZ+3JXbWQhFyt0MxSl2jRDdGQPHeOHFXrQ==",
      "requires": {
        "@types/sizzle": "*"
      }
    },
    "@types/sizzle": {
      "version": "2.3.2",
      "resolved": "https://registry.npmjs.org/@types/sizzle/-/sizzle-2.3.2.tgz",
      "integrity": "sha512-7EJYyKTL7tFR8+gDbB6Wwz/arpGa0Mywk1TJbNzKzHtzbwVmY4HR9WqS5VV7dsBUKQmPNr192jHr/VpBluj/hg=="
    },
    "jquery": {
      "version": "3.4.0",
      "resolved": "https://registry.npmjs.org/jquery/-/jquery-3.4.0.tgz",
      "integrity": "sha512-ggRCXln9zEqv6OqAGXFEcshF5dSBvCkzj6Gm2gzuR5fWawaX8t7cxKVkkygKODrDAzKdoYw3l/e3pm3vlT4IbQ=="
    },
    "jquery-validation": {
      "version": "1.19.0",
      "resolved": "https://registry.npmjs.org/jquery-validation/-/jquery-validation-1.19.0.tgz",
      "integrity": "sha512-i1ygcs9K9eI0jqQ8fiOZdT0Ofw941YII1zyPQDUkBS8t2G8SoSWz8UUEVT6gV1KvsaBbovtL8YxjLALACR0syQ==",
      "requires": {
        "jquery": "^1.7 || ^2.0 || ^3.1"
      }
    },
    "jquery-validation-unobtrusive": {
      "version": "3.2.11",
      "resolved": "https://registry.npmjs.org/jquery-validation-unobtrusive/-/jquery-validation-unobtrusive-3.2.11.tgz",
      "integrity": "sha512-3FQPllaWdD+Aq55zJLGSW39+eXPDz1HhwAvrSwYi8zHQ8DVcu5IJ1HVeTiCl0BnCnrIBvfFU3zEB/DrGdcoRIQ==",
      "requires": {
        "jquery": ">=1.8",
        "jquery-validation": ">=1.16"
      }
    },
    "mdbootstrap": {
      "version": "4.7.7",
      "resolved": "https://registry.npmjs.org/mdbootstrap/-/mdbootstrap-4.7.7.tgz",
      "integrity": "sha512-ICqHUag552bvqVJ0gVVqy5vHT9OcAWZDtTl+Pn45jeO8wlVKk+EUro7xgvy69jAQMSz9TOpXLEc1GFmSePL4FA=="
    },
    "popper.js": {
      "version": "1.15.0",
      "resolved": "https://registry.npmjs.org/popper.js/-/popper.js-1.15.0.tgz",
      "integrity": "sha512-w010cY1oCUmI+9KwwlWki+r5jxKfTFDVoadl7MSrIujHU5MJ5OR6HTDj6Xo8aoR/QsA56x8jKjA59qGH4ELtrA=="
    }
  }
}
